
Microsoft Visual Studio Solution File, Format Version 12.00
# Visual Studio 15
VisualStudioVersion = 15.0.26124.0
MinimumVisualStudioVersion = 15.0.26124.0
Project("{FAE04EC0-301F-11D3-BF4B-00C04F79EFBC}") = "ISDBrowser", "ISDBrowser\ISDBrowser.csproj", "{4299379B-6334-45B8-B9A5-DEACB608E0F9}"
EndProject
Project("{FAE04EC0-301F-11D3-BF4B-00C04F79EFBC}") = "ISDBrowser.Network", "ISDBrowser.Network\ISDBrowser.Network.csproj", "{7C289C79-5843-4B63-8CEA-F759FA043BFE}"
EndProject
Project("{FAE04EC0-301F-11D3-BF4B-00C04F79EFBC}") = "ISDBrowser.Network.Test", "ISDBrowser.Network.Test\ISDBrowser.Network.Test.csproj", "{9DBF7B41-80E7-4509-ABA5-4F9D47325799}"
EndProject
Global
	GlobalSection(SolutionConfigurationPlatforms) = preSolution
		Debug|Any CPU = Debug|Any CPU
		Debug|x64 = Debug|x64
		Debug|x86 = Debug|x86
		Release|Any CPU = Release|Any CPU
		Release|x64 = Release|x64
		Release|x86 = Release|x86
	EndGlobalSection
	GlobalSection(SolutionProperties) = preSolution
		HideSolutionNode = FALSE
	EndGlobalSection
	GlobalSection(ProjectConfigurationPlatforms) = postSolution
		{4299379B-6334-45B8-B9A5-DEACB608E0F9}.Debug|Any CPU.ActiveCfg = Debug|Any CPU
		{4299379B-6334-45B8-B9A5-DEACB608E0F9}.Debug|Any CPU.Build.0 = Debug|Any CPU
		{4299379B-6334-45B8-B9A5-DEACB608E0F9}.Debug|x64.ActiveCfg = Debug|Any CPU
		{4299379B-6334-45B8-B9A5-DEACB608E0F9}.Debug|x64.Build.0 = Debug|Any CPU
		{4299379B-6334-45B8-B9A5-DEACB608E0F9}.Debug|x86.ActiveCfg = Debug|Any CPU
		{4299379B-6334-45B8-B9A5-DEACB608E0F9}.Debug|x86.Build.0 = Debug|Any CPU
		{4299379B-6334-45B8-B9A5-DEACB608E0F9}.Release|Any CPU.ActiveCfg = Release|Any CPU
		{4299379B-6334-45B8-B9A5-DEACB608E0F9}.Release|Any CPU.Build.0 = Release|Any CPU
		{4299379B-6334-45B8-B9A5-DEACB608E0F9}.Release|x64.ActiveCfg = Release|Any CPU
		{4299379B-6334-45B8-B9A5-DEACB608E0F9}.Release|x64.Build.0 = Release|Any CPU
		{4299379B-6334-45B8-B9A5-DEACB608E0F9}.Release|x86.ActiveCfg = Release|Any CPU
		{4299379B-6334-45B8-B9A5-DEACB608E0F9}.Release|x86.Build.0 = Release|Any CPU
		{7C289C79-5843-4B63-8CEA-F759FA043BFE}.Debug|Any CPU.ActiveCfg = Debug|Any CPU
		{7C289C79-5843-4B63-8CEA-F759FA043BFE}.Debug|Any CPU.Build.0 = Debug|Any CPU
		{7C289C79-5843-4B63-8CEA-F759FA043BFE}.Debug|x64.ActiveCfg = Debug|Any CPU
		{7C289C79-5843-4B63-8CEA-F759FA043BFE}.Debug|x64.Build.0 = Debug|Any CPU
		{7C289C79-5843-4B63-8CEA-F759FA043BFE}.Debug|x86.ActiveCfg = Debug|Any CPU
		{7C289C79-5843-4B63-8CEA-F759FA043BFE}.Debug|x86.Build.0 = Debug|Any CPU
		{7C289C79-5843-4B63-8CEA-F759FA043BFE}.Release|Any CPU.ActiveCfg = Release|Any CPU
		{7C289C79-5843-4B63-8CEA-F759FA043BFE}.Release|Any CPU.Build.0 = Release|Any CPU
		{7C289C79-5843-4B63-8CEA-F759FA043BFE}.Release|x64.ActiveCfg = Release|Any CPU
		{7C289C79-5843-4B63-8CEA-F759FA043BFE}.Release|x64.Build.0 = Release|Any CPU
		{7C289C79-5843-4B63-8CEA-F759FA043BFE}.Release|x86.ActiveCfg = Release|Any CPU
		{7C289C79-5843-4B63-8CEA-F759FA043BFE}.Release|x86.Build.0 = Release|Any CPU
		{9DBF7B41-80E7-4509-ABA5-4F9D47325799}.Debug|Any CPU.ActiveCfg = Debug|Any CPU
		{9DBF7B41-80E7-4509-ABA5-4F9D47325799}.Debug|Any CPU.Build.0 = Debug|Any CPU
		{9DBF7B41-80E7-4509-ABA5-4F9D47325799}.Debug|x64.ActiveCfg = Debug|Any CPU
		{9DBF7B41-80E7-4509-ABA5-4F9D47325799}.Debug|x64.Build.0 = Debug|Any CPU
		{9DBF7B41-80E7-4509-ABA5-4F9D47325799}.Debug|x86.ActiveCfg = Debug|Any CPU
		{9DBF7B41-80E7-4509-ABA5-4F9D47325799}.Debug|x86.Build.0 = Debug|Any CPU
		{9DBF7B41-80E7-4509-ABA5-4F9D47325799}.Release|Any CPU.ActiveCfg = Release|Any CPU
		{9DBF7B41-80E7-4509-ABA5-4F9D47325799}.Release|Any CPU.Build.0 = Release|Any CPU
		{9DBF7B41-80E7-4509-ABA5-4F9D47325799}.Release|x64.ActiveCfg = Release|Any CPU
		{9DBF7B41-80E7-4509-ABA5-4F9D47325799}.Release|x64.Build.0 = Release|Any CPU
		{9DBF7B41-80E7-4509-ABA5-4F9D47325799}.Release|x86.ActiveCfg = Release|Any CPU
		{9DBF7B41-80E7-4509-ABA5-4F9D47325799}.Release|x86.Build.0 = Release|Any CPU
	EndGlobalSection
EndGlobal
