
Microsoft Visual Studio Solution File, Format Version 12.00
# Visual Studio 15
VisualStudioVersion = 15.0.28010.2003
MinimumVisualStudioVersion = 10.0.40219.1
Project("{FAE04EC0-301F-11D3-BF4B-00C04F79EFBC}") = "HTML Parser", "HTML Parser\HTML Parser.csproj", "{D2F9906F-17FD-47C0-8057-6BDD20E4DCDA}"
EndProject
Global
	GlobalSection(SolutionConfigurationPlatforms) = preSolution
		Debug|Any CPU = Debug|Any CPU
		Release|Any CPU = Release|Any CPU
	EndGlobalSection
	GlobalSection(ProjectConfigurationPlatforms) = postSolution
		{D2F9906F-17FD-47C0-8057-6BDD20E4DCDA}.Debug|Any CPU.ActiveCfg = Debug|Any CPU
		{D2F9906F-17FD-47C0-8057-6BDD20E4DCDA}.Debug|Any CPU.Build.0 = Debug|Any CPU
		{D2F9906F-17FD-47C0-8057-6BDD20E4DCDA}.Release|Any CPU.ActiveCfg = Release|Any CPU
		{D2F9906F-17FD-47C0-8057-6BDD20E4DCDA}.Release|Any CPU.Build.0 = Release|Any CPU
	EndGlobalSection
	GlobalSection(SolutionProperties) = preSolution
		HideSolutionNode = FALSE
	EndGlobalSection
	GlobalSection(ExtensibilityGlobals) = postSolution
		SolutionGuid = {CDFC128A-6BE3-4077-A6BC-A2ED3DC55D45}
	EndGlobalSection
EndGlobal
